
Microsoft Visual Studio Solution File, Format Version 12.00
# Visual Studio Version 16
VisualStudioVersion = 16.0.28803.156
MinimumVisualStudioVersion = 10.0.40219.1
Project("{9A19103F-16F7-4668-BE54-9A1E7A4F7556}") = "BrightGlimmer.Api", "BrightGlimmer.Api\BrightGlimmer.Api.csproj", "{3E910B69-E79C-4418-BD6B-7ABB72ECF463}"
EndProject
Project("{9A19103F-16F7-4668-BE54-9A1E7A4F7556}") = "BrightGlimmer.Data", "BrightGlimmer.Data\BrightGlimmer.Data.csproj", "{E14193BB-31C7-4E3B-81F0-A930B866EC5D}"
EndProject
Project("{9A19103F-16F7-4668-BE54-9A1E7A4F7556}") = "BrightGlimmer.Domain", "BrightGlimmer.Domain\BrightGlimmer.Domain.csproj", "{4E234F19-13EF-49A3-B8EB-FF7C9D2BF75F}"
EndProject
Project("{9A19103F-16F7-4668-BE54-9A1E7A4F7556}") = "BrightGlimmer.Service", "BrightGlimmer.Service\BrightGlimmer.Service.csproj", "{C22A2B7A-3F22-45B7-A05E-27D3598855B8}"
EndProject
Project("{9092AA53-FB77-4645-B42D-1CCCA6BD08BD}") = "BrightGlimmer.Client", "BrightGlimmer.Client\BrightGlimmer.Client.njsproj", "{6971AB72-FBC2-4F3F-A59C-319E377A9A51}"
EndProject
Project("{FAE04EC0-301F-11D3-BF4B-00C04F79EFBC}") = "BrightGlimmer.Auth", "BrightGlimmer.Auth\BrightGlimmer.Auth.csproj", "{E3265892-2D6C-4D51-A7A4-DF845C17CF49}"
EndProject
Global
	GlobalSection(SolutionConfigurationPlatforms) = preSolution
		Debug|Any CPU = Debug|Any CPU
		Release|Any CPU = Release|Any CPU
	EndGlobalSection
	GlobalSection(ProjectConfigurationPlatforms) = postSolution
		{3E910B69-E79C-4418-BD6B-7ABB72ECF463}.Debug|Any CPU.ActiveCfg = Debug|Any CPU
		{3E910B69-E79C-4418-BD6B-7ABB72ECF463}.Debug|Any CPU.Build.0 = Debug|Any CPU
		{3E910B69-E79C-4418-BD6B-7ABB72ECF463}.Release|Any CPU.ActiveCfg = Release|Any CPU
		{3E910B69-E79C-4418-BD6B-7ABB72ECF463}.Release|Any CPU.Build.0 = Release|Any CPU
		{E14193BB-31C7-4E3B-81F0-A930B866EC5D}.Debug|Any CPU.ActiveCfg = Debug|Any CPU
		{E14193BB-31C7-4E3B-81F0-A930B866EC5D}.Debug|Any CPU.Build.0 = Debug|Any CPU
		{E14193BB-31C7-4E3B-81F0-A930B866EC5D}.Release|Any CPU.ActiveCfg = Release|Any CPU
		{E14193BB-31C7-4E3B-81F0-A930B866EC5D}.Release|Any CPU.Build.0 = Release|Any CPU
		{4E234F19-13EF-49A3-B8EB-FF7C9D2BF75F}.Debug|Any CPU.ActiveCfg = Debug|Any CPU
		{4E234F19-13EF-49A3-B8EB-FF7C9D2BF75F}.Debug|Any CPU.Build.0 = Debug|Any CPU
		{4E234F19-13EF-49A3-B8EB-FF7C9D2BF75F}.Release|Any CPU.ActiveCfg = Release|Any CPU
		{4E234F19-13EF-49A3-B8EB-FF7C9D2BF75F}.Release|Any CPU.Build.0 = Release|Any CPU
		{C22A2B7A-3F22-45B7-A05E-27D3598855B8}.Debug|Any CPU.ActiveCfg = Debug|Any CPU
		{C22A2B7A-3F22-45B7-A05E-27D3598855B8}.Debug|Any CPU.Build.0 = Debug|Any CPU
		{C22A2B7A-3F22-45B7-A05E-27D3598855B8}.Release|Any CPU.ActiveCfg = Release|Any CPU
		{C22A2B7A-3F22-45B7-A05E-27D3598855B8}.Release|Any CPU.Build.0 = Release|Any CPU
		{6971AB72-FBC2-4F3F-A59C-319E377A9A51}.Debug|Any CPU.ActiveCfg = Debug|Any CPU
		{6971AB72-FBC2-4F3F-A59C-319E377A9A51}.Debug|Any CPU.Build.0 = Debug|Any CPU
		{6971AB72-FBC2-4F3F-A59C-319E377A9A51}.Release|Any CPU.ActiveCfg = Release|Any CPU
		{6971AB72-FBC2-4F3F-A59C-319E377A9A51}.Release|Any CPU.Build.0 = Release|Any CPU
		{E3265892-2D6C-4D51-A7A4-DF845C17CF49}.Debug|Any CPU.ActiveCfg = Debug|Any CPU
		{E3265892-2D6C-4D51-A7A4-DF845C17CF49}.Debug|Any CPU.Build.0 = Debug|Any CPU
		{E3265892-2D6C-4D51-A7A4-DF845C17CF49}.Release|Any CPU.ActiveCfg = Release|Any CPU
		{E3265892-2D6C-4D51-A7A4-DF845C17CF49}.Release|Any CPU.Build.0 = Release|Any CPU
	EndGlobalSection
	GlobalSection(SolutionProperties) = preSolution
		HideSolutionNode = FALSE
	EndGlobalSection
	GlobalSection(ExtensibilityGlobals) = postSolution
		SolutionGuid = {DA3531B9-A831-434F-A4E8-9E178BA4D74E}
	EndGlobalSection
EndGlobal
